// !$*UTF8*$!
{
	archiveVersion = 1;
	classes = {
	};
	objectVersion = 50;
	objects = {

/* Begin PBXBuildFile section */
		0BAEB148E7BDA47FF7A62A05 /* Pods_ContactAppUITests.framework in Frameworks */ = {isa = PBXBuildFile; fileRef = 9608EC18AA983BAB1A5A1549 /* Pods_ContactAppUITests.framework */; };
		11A5A90729589564910711A0 /* Pods_ContactApp.framework in Frameworks */ = {isa = PBXBuildFile; fileRef = 4E7EAA2F9380449A6CC73283 /* Pods_ContactApp.framework */; };
		2C8E54754E4819CA76D91A54 /* Pods_ContactAppTests.framework in Frameworks */ = {isa = PBXBuildFile; fileRef = 091F573CD5748CDC5FA0737C /* Pods_ContactAppTests.framework */; };
		5827C30023214B8D00B3949B /* MainViewControllerCell.swift in Sources */ = {isa = PBXBuildFile; fileRef = 5827C2FE23214B8D00B3949B /* MainViewControllerCell.swift */; };
		5827C30123214B8D00B3949B /* MainViewControllerCell.xib in Resources */ = {isa = PBXBuildFile; fileRef = 5827C2FF23214B8D00B3949B /* MainViewControllerCell.xib */; };
		5827C30423214E2B00B3949B /* ProfileViewControllerCell.swift in Sources */ = {isa = PBXBuildFile; fileRef = 5827C30223214E2B00B3949B /* ProfileViewControllerCell.swift */; };
		5827C30523214E2B00B3949B /* ProfileViewControllerCell.xib in Resources */ = {isa = PBXBuildFile; fileRef = 5827C30323214E2B00B3949B /* ProfileViewControllerCell.xib */; };
		5827C30823215C1B00B3949B /* ProfileIconCell.swift in Sources */ = {isa = PBXBuildFile; fileRef = 5827C30623215C1B00B3949B /* ProfileIconCell.swift */; };
		5827C30923215C1B00B3949B /* ProfileIconCell.xib in Resources */ = {isa = PBXBuildFile; fileRef = 5827C30723215C1B00B3949B /* ProfileIconCell.xib */; };
		5827C30B2321634800B3949B /* Contact.swift in Sources */ = {isa = PBXBuildFile; fileRef = 5827C30A2321634800B3949B /* Contact.swift */; };
		5837CFEF231FE83100314C5C /* AppDelegate.swift in Sources */ = {isa = PBXBuildFile; fileRef = 5837CFEE231FE83100314C5C /* AppDelegate.swift */; };
		5837CFF4231FE83100314C5C /* Main.storyboard in Resources */ = {isa = PBXBuildFile; fileRef = 5837CFF2231FE83100314C5C /* Main.storyboard */; };
		5837CFF6231FE83200314C5C /* Assets.xcassets in Resources */ = {isa = PBXBuildFile; fileRef = 5837CFF5231FE83200314C5C /* Assets.xcassets */; };
		5837CFF9231FE83200314C5C /* LaunchScreen.storyboard in Resources */ = {isa = PBXBuildFile; fileRef = 5837CFF7231FE83200314C5C /* LaunchScreen.storyboard */; };
		5837D004231FE83200314C5C /* ContactAppTests.swift in Sources */ = {isa = PBXBuildFile; fileRef = 5837D003231FE83200314C5C /* ContactAppTests.swift */; };
		5837D00F231FE83200314C5C /* ContactAppUITests.swift in Sources */ = {isa = PBXBuildFile; fileRef = 5837D00E231FE83200314C5C /* ContactAppUITests.swift */; };
		5837D020231FFEEA00314C5C /* data.json in Resources */ = {isa = PBXBuildFile; fileRef = 5837D01F231FFEEA00314C5C /* data.json */; };
		5837D022231FFF9B00314C5C /* Default-568h@2x.png in Resources */ = {isa = PBXBuildFile; fileRef = 5837D021231FFF9B00314C5C /* Default-568h@2x.png */; };
		5849C42A23255A6B00CFFCDA /* ContactListViewController.swift in Sources */ = {isa = PBXBuildFile; fileRef = 5849C42923255A6B00CFFCDA /* ContactListViewController.swift */; };
		5849C42C23256AE700CFFCDA /* Constant.swift in Sources */ = {isa = PBXBuildFile; fileRef = 5849C42B23256AE700CFFCDA /* Constant.swift */; };
		5849C43023256C4200CFFCDA /* ProfileFormVM.swift in Sources */ = {isa = PBXBuildFile; fileRef = 5849C42F23256C4200CFFCDA /* ProfileFormVM.swift */; };
		5849C43223256E2200CFFCDA /* ContactListVM.swift in Sources */ = {isa = PBXBuildFile; fileRef = 5849C43123256E2100CFFCDA /* ContactListVM.swift */; };
		5849C43623291DB400CFFCDA /* ProfileViewModel.swift in Sources */ = {isa = PBXBuildFile; fileRef = 5849C43523291DB400CFFCDA /* ProfileViewModel.swift */; };
		5849C43823294A3600CFFCDA /* ContactListViewModel.swift in Sources */ = {isa = PBXBuildFile; fileRef = 5849C43723294A3600CFFCDA /* ContactListViewModel.swift */; };
		58737AA023200E7A0076AFC8 /* ProfileViewController.swift in Sources */ = {isa = PBXBuildFile; fileRef = 58737A9E23200E7A0076AFC8 /* ProfileViewController.swift */; };
/* End PBXBuildFile section */

/* Begin PBXContainerItemProxy section */
		5837D000231FE83200314C5C /* PBXContainerItemProxy */ = {
			isa = PBXContainerItemProxy;
			containerPortal = 5837CFE3231FE83100314C5C /* Project object */;
			proxyType = 1;
			remoteGlobalIDString = 5837CFEA231FE83100314C5C;
			remoteInfo = ContactApp;
		};
		5837D00B231FE83200314C5C /* PBXContainerItemProxy */ = {
			isa = PBXContainerItemProxy;
			containerPortal = 5837CFE3231FE83100314C5C /* Project object */;
			proxyType = 1;
			remoteGlobalIDString = 5837CFEA231FE83100314C5C;
			remoteInfo = ContactApp;
		};
/* End PBXContainerItemProxy section */

/* Begin PBXFileReference section */
		091F573CD5748CDC5FA0737C /* Pods_ContactAppTests.framework */ = {isa = PBXFileReference; explicitFileType = wrapper.framework; includeInIndex = 0; path = Pods_ContactAppTests.framework; sourceTree = BUILT_PRODUCTS_DIR; };
		47DD57C10D8B3982ED3F46DC /* Pods-ContactAppUITests.release.xcconfig */ = {isa = PBXFileReference; includeInIndex = 1; lastKnownFileType = text.xcconfig; name = "Pods-ContactAppUITests.release.xcconfig"; path = "Target Support Files/Pods-ContactAppUITests/Pods-ContactAppUITests.release.xcconfig"; sourceTree = "<group>"; };
		4E7EAA2F9380449A6CC73283 /* Pods_ContactApp.framework */ = {isa = PBXFileReference; explicitFileType = wrapper.framework; includeInIndex = 0; path = Pods_ContactApp.framework; sourceTree = BUILT_PRODUCTS_DIR; };
		5827C2FE23214B8D00B3949B /* MainViewControllerCell.swift */ = {isa = PBXFileReference; lastKnownFileType = sourcecode.swift; path = MainViewControllerCell.swift; sourceTree = "<group>"; };
		5827C2FF23214B8D00B3949B /* MainViewControllerCell.xib */ = {isa = PBXFileReference; lastKnownFileType = file.xib; path = MainViewControllerCell.xib; sourceTree = "<group>"; };
		5827C30223214E2B00B3949B /* ProfileViewControllerCell.swift */ = {isa = PBXFileReference; lastKnownFileType = sourcecode.swift; path = ProfileViewControllerCell.swift; sourceTree = "<group>"; };
		5827C30323214E2B00B3949B /* ProfileViewControllerCell.xib */ = {isa = PBXFileReference; lastKnownFileType = file.xib; path = ProfileViewControllerCell.xib; sourceTree = "<group>"; };
		5827C30623215C1B00B3949B /* ProfileIconCell.swift */ = {isa = PBXFileReference; lastKnownFileType = sourcecode.swift; path = ProfileIconCell.swift; sourceTree = "<group>"; };
		5827C30723215C1B00B3949B /* ProfileIconCell.xib */ = {isa = PBXFileReference; lastKnownFileType = file.xib; path = ProfileIconCell.xib; sourceTree = "<group>"; };
		5827C30A2321634800B3949B /* Contact.swift */ = {isa = PBXFileReference; lastKnownFileType = sourcecode.swift; path = Contact.swift; sourceTree = "<group>"; };
		5837CFEB231FE83100314C5C /* ContactApp.app */ = {isa = PBXFileReference; explicitFileType = wrapper.application; includeInIndex = 0; path = ContactApp.app; sourceTree = BUILT_PRODUCTS_DIR; };
		5837CFEE231FE83100314C5C /* AppDelegate.swift */ = {isa = PBXFileReference; lastKnownFileType = sourcecode.swift; path = AppDelegate.swift; sourceTree = "<group>"; };
		5837CFF3231FE83100314C5C /* Base */ = {isa = PBXFileReference; lastKnownFileType = file.storyboard; name = Base; path = Base.lproj/Main.storyboard; sourceTree = "<group>"; };
		5837CFF5231FE83200314C5C /* Assets.xcassets */ = {isa = PBXFileReference; lastKnownFileType = folder.assetcatalog; path = Assets.xcassets; sourceTree = "<group>"; };
		5837CFF8231FE83200314C5C /* Base */ = {isa = PBXFileReference; lastKnownFileType = file.storyboard; name = Base; path = Base.lproj/LaunchScreen.storyboard; sourceTree = "<group>"; };
		5837CFFA231FE83200314C5C /* Info.plist */ = {isa = PBXFileReference; lastKnownFileType = text.plist.xml; path = Info.plist; sourceTree = "<group>"; };
		5837CFFF231FE83200314C5C /* ContactAppTests.xctest */ = {isa = PBXFileReference; explicitFileType = wrapper.cfbundle; includeInIndex = 0; path = ContactAppTests.xctest; sourceTree = BUILT_PRODUCTS_DIR; };
		5837D003231FE83200314C5C /* ContactAppTests.swift */ = {isa = PBXFileReference; lastKnownFileType = sourcecode.swift; path = ContactAppTests.swift; sourceTree = "<group>"; };
		5837D005231FE83200314C5C /* Info.plist */ = {isa = PBXFileReference; lastKnownFileType = text.plist.xml; path = Info.plist; sourceTree = "<group>"; };
		5837D00A231FE83200314C5C /* ContactAppUITests.xctest */ = {isa = PBXFileReference; explicitFileType = wrapper.cfbundle; includeInIndex = 0; path = ContactAppUITests.xctest; sourceTree = BUILT_PRODUCTS_DIR; };
		5837D00E231FE83200314C5C /* ContactAppUITests.swift */ = {isa = PBXFileReference; lastKnownFileType = sourcecode.swift; path = ContactAppUITests.swift; sourceTree = "<group>"; };
		5837D010231FE83200314C5C /* Info.plist */ = {isa = PBXFileReference; lastKnownFileType = text.plist.xml; path = Info.plist; sourceTree = "<group>"; };
		5837D01F231FFEEA00314C5C /* data.json */ = {isa = PBXFileReference; fileEncoding = 4; lastKnownFileType = text.json; path = data.json; sourceTree = "<group>"; };
		5837D021231FFF9B00314C5C /* Default-568h@2x.png */ = {isa = PBXFileReference; lastKnownFileType = image.png; path = "Default-568h@2x.png"; sourceTree = "<group>"; };
		5849C42923255A6B00CFFCDA /* ContactListViewController.swift */ = {isa = PBXFileReference; fileEncoding = 4; lastKnownFileType = sourcecode.swift; path = ContactListViewController.swift; sourceTree = "<group>"; };
		5849C42B23256AE700CFFCDA /* Constant.swift */ = {isa = PBXFileReference; lastKnownFileType = sourcecode.swift; path = Constant.swift; sourceTree = "<group>"; };
		5849C42F23256C4200CFFCDA /* ProfileFormVM.swift */ = {isa = PBXFileReference; lastKnownFileType = sourcecode.swift; path = ProfileFormVM.swift; sourceTree = "<group>"; };
		5849C43123256E2100CFFCDA /* ContactListVM.swift */ = {isa = PBXFileReference; fileEncoding = 4; lastKnownFileType = sourcecode.swift; path = ContactListVM.swift; sourceTree = "<group>"; };
		5849C43523291DB400CFFCDA /* ProfileViewModel.swift */ = {isa = PBXFileReference; lastKnownFileType = sourcecode.swift; path = ProfileViewModel.swift; sourceTree = "<group>"; };
		5849C43723294A3600CFFCDA /* ContactListViewModel.swift */ = {isa = PBXFileReference; lastKnownFileType = sourcecode.swift; path = ContactListViewModel.swift; sourceTree = "<group>"; };
		58737A9E23200E7A0076AFC8 /* ProfileViewController.swift */ = {isa = PBXFileReference; lastKnownFileType = sourcecode.swift; path = ProfileViewController.swift; sourceTree = "<group>"; };
		5D6D07884D3D608498147901 /* Pods-ContactApp.debug.xcconfig */ = {isa = PBXFileReference; includeInIndex = 1; lastKnownFileType = text.xcconfig; name = "Pods-ContactApp.debug.xcconfig"; path = "Target Support Files/Pods-ContactApp/Pods-ContactApp.debug.xcconfig"; sourceTree = "<group>"; };
		933A27EC8D0DFAD8FDCC90E9 /* Pods-ContactApp.release.xcconfig */ = {isa = PBXFileReference; includeInIndex = 1; lastKnownFileType = text.xcconfig; name = "Pods-ContactApp.release.xcconfig"; path = "Target Support Files/Pods-ContactApp/Pods-ContactApp.release.xcconfig"; sourceTree = "<group>"; };
		9608EC18AA983BAB1A5A1549 /* Pods_ContactAppUITests.framework */ = {isa = PBXFileReference; explicitFileType = wrapper.framework; includeInIndex = 0; path = Pods_ContactAppUITests.framework; sourceTree = BUILT_PRODUCTS_DIR; };
		A407523B1F0CFD98952EFC14 /* Pods-ContactAppTests.release.xcconfig */ = {isa = PBXFileReference; includeInIndex = 1; lastKnownFileType = text.xcconfig; name = "Pods-ContactAppTests.release.xcconfig"; path = "Target Support Files/Pods-ContactAppTests/Pods-ContactAppTests.release.xcconfig"; sourceTree = "<group>"; };
		C6EC252BC89C6BCA0FFED24D /* Pods-ContactAppTests.debug.xcconfig */ = {isa = PBXFileReference; includeInIndex = 1; lastKnownFileType = text.xcconfig; name = "Pods-ContactAppTests.debug.xcconfig"; path = "Target Support Files/Pods-ContactAppTests/Pods-ContactAppTests.debug.xcconfig"; sourceTree = "<group>"; };
		E35B86DCCCA4F0A083A2CB03 /* Pods-ContactAppUITests.debug.xcconfig */ = {isa = PBXFileReference; includeInIndex = 1; lastKnownFileType = text.xcconfig; name = "Pods-ContactAppUITests.debug.xcconfig"; path = "Target Support Files/Pods-ContactAppUITests/Pods-ContactAppUITests.debug.xcconfig"; sourceTree = "<group>"; };
/* End PBXFileReference section */

/* Begin PBXFrameworksBuildPhase section */
		5837CFE8231FE83100314C5C /* Frameworks */ = {
			isa = PBXFrameworksBuildPhase;
			buildActionMask = 2147483647;
			files = (
				11A5A90729589564910711A0 /* Pods_ContactApp.framework in Frameworks */,
			);
			runOnlyForDeploymentPostprocessing = 0;
		};
		5837CFFC231FE83200314C5C /* Frameworks */ = {
			isa = PBXFrameworksBuildPhase;
			buildActionMask = 2147483647;
			files = (
				2C8E54754E4819CA76D91A54 /* Pods_ContactAppTests.framework in Frameworks */,
			);
			runOnlyForDeploymentPostprocessing = 0;
		};
		5837D007231FE83200314C5C /* Frameworks */ = {
			isa = PBXFrameworksBuildPhase;
			buildActionMask = 2147483647;
			files = (
				0BAEB148E7BDA47FF7A62A05 /* Pods_ContactAppUITests.framework in Frameworks */,
			);
			runOnlyForDeploymentPostprocessing = 0;
		};
/* End PBXFrameworksBuildPhase section */

/* Begin PBXGroup section */
		1EFD05D8AA21893F28C69A93 /* Pods */ = {
			isa = PBXGroup;
			children = (
				5D6D07884D3D608498147901 /* Pods-ContactApp.debug.xcconfig */,
				933A27EC8D0DFAD8FDCC90E9 /* Pods-ContactApp.release.xcconfig */,
				C6EC252BC89C6BCA0FFED24D /* Pods-ContactAppTests.debug.xcconfig */,
				A407523B1F0CFD98952EFC14 /* Pods-ContactAppTests.release.xcconfig */,
				E35B86DCCCA4F0A083A2CB03 /* Pods-ContactAppUITests.debug.xcconfig */,
				47DD57C10D8B3982ED3F46DC /* Pods-ContactAppUITests.release.xcconfig */,
			);
			path = Pods;
			sourceTree = "<group>";
		};
		5837CFE2231FE83100314C5C = {
			isa = PBXGroup;
			children = (
				5837D021231FFF9B00314C5C /* Default-568h@2x.png */,
				5837CFED231FE83100314C5C /* ContactApp */,
				5837D002231FE83200314C5C /* ContactAppTests */,
				5837D00D231FE83200314C5C /* ContactAppUITests */,
				5837CFEC231FE83100314C5C /* Products */,
				1EFD05D8AA21893F28C69A93 /* Pods */,
				DC844038542F562306CADF7E /* Frameworks */,
			);
			sourceTree = "<group>";
		};
		5837CFEC231FE83100314C5C /* Products */ = {
			isa = PBXGroup;
			children = (
				5837CFEB231FE83100314C5C /* ContactApp.app */,
				5837CFFF231FE83200314C5C /* ContactAppTests.xctest */,
				5837D00A231FE83200314C5C /* ContactAppUITests.xctest */,
			);
			name = Products;
			sourceTree = "<group>";
		};
		5837CFED231FE83100314C5C /* ContactApp */ = {
			isa = PBXGroup;
			children = (
				5837D0242320005A00314C5C /* Views */,
				5837D0232320004D00314C5C /* ViewModels */,
				5837D01C231FFD4A00314C5C /* Models */,
				5837CFEE231FE83100314C5C /* AppDelegate.swift */,
				5837D01E231FFEBC00314C5C /* Storyboards */,
				5837D01D231FFEA300314C5C /* Supporting files */,
			);
			path = ContactApp;
			sourceTree = "<group>";
		};
		5837D002231FE83200314C5C /* ContactAppTests */ = {
			isa = PBXGroup;
			children = (
				5837D003231FE83200314C5C /* ContactAppTests.swift */,
				5837D005231FE83200314C5C /* Info.plist */,
			);
			path = ContactAppTests;
			sourceTree = "<group>";
		};
		5837D00D231FE83200314C5C /* ContactAppUITests */ = {
			isa = PBXGroup;
			children = (
				5837D00E231FE83200314C5C /* ContactAppUITests.swift */,
				5837D010231FE83200314C5C /* Info.plist */,
			);
			path = ContactAppUITests;
			sourceTree = "<group>";
		};
		5837D01C231FFD4A00314C5C /* Models */ = {
			isa = PBXGroup;
			children = (
				5827C30A2321634800B3949B /* Contact.swift */,
			);
			path = Models;
			sourceTree = "<group>";
		};
		5837D01D231FFEA300314C5C /* Supporting files */ = {
			isa = PBXGroup;
			children = (
				5849C42B23256AE700CFFCDA /* Constant.swift */,
				5837CFFA231FE83200314C5C /* Info.plist */,
				5837D01F231FFEEA00314C5C /* data.json */,
				5837CFF5231FE83200314C5C /* Assets.xcassets */,
			);
			path = "Supporting files";
			sourceTree = "<group>";
		};
		5837D01E231FFEBC00314C5C /* Storyboards */ = {
			isa = PBXGroup;
			children = (
				5837CFF2231FE83100314C5C /* Main.storyboard */,
				5837CFF7231FE83200314C5C /* LaunchScreen.storyboard */,
			);
			path = Storyboards;
			sourceTree = "<group>";
		};
		5837D0232320004D00314C5C /* ViewModels */ = {
			isa = PBXGroup;
			children = (
				5849C43123256E2100CFFCDA /* ContactListVM.swift */,
				5849C43723294A3600CFFCDA /* ContactListViewModel.swift */,
				5849C43523291DB400CFFCDA /* ProfileViewModel.swift */,
				5849C42F23256C4200CFFCDA /* ProfileFormVM.swift */,
			);
			path = ViewModels;
			sourceTree = "<group>";
		};
		5837D0242320005A00314C5C /* Views */ = {
			isa = PBXGroup;
			children = (
				58737A9D23200E380076AFC8 /* Profile */,
				58737A9723200A1B0076AFC8 /* ContactList */,
			);
			path = Views;
			sourceTree = "<group>";
		};
		58737A9723200A1B0076AFC8 /* ContactList */ = {
			isa = PBXGroup;
			children = (
				5849C42923255A6B00CFFCDA /* ContactListViewController.swift */,
				58737A9823200A240076AFC8 /* Cell */,
			);
			path = ContactList;
			sourceTree = "<group>";
		};
		58737A9823200A240076AFC8 /* Cell */ = {
			isa = PBXGroup;
			children = (
				5827C2FE23214B8D00B3949B /* MainViewControllerCell.swift */,
				5827C2FF23214B8D00B3949B /* MainViewControllerCell.xib */,
			);
			path = Cell;
			sourceTree = "<group>";
		};
		58737A9D23200E380076AFC8 /* Profile */ = {
			isa = PBXGroup;
			children = (
				58737A9E23200E7A0076AFC8 /* ProfileViewController.swift */,
				58737AA2232016020076AFC8 /* Cell */,
			);
			path = Profile;
			sourceTree = "<group>";
		};
		58737AA2232016020076AFC8 /* Cell */ = {
			isa = PBXGroup;
			children = (
				5827C30223214E2B00B3949B /* ProfileViewControllerCell.swift */,
				5827C30323214E2B00B3949B /* ProfileViewControllerCell.xib */,
				5827C30623215C1B00B3949B /* ProfileIconCell.swift */,
				5827C30723215C1B00B3949B /* ProfileIconCell.xib */,
			);
			path = Cell;
			sourceTree = "<group>";
		};
		DC844038542F562306CADF7E /* Frameworks */ = {
			isa = PBXGroup;
			children = (
				4E7EAA2F9380449A6CC73283 /* Pods_ContactApp.framework */,
				091F573CD5748CDC5FA0737C /* Pods_ContactAppTests.framework */,
				9608EC18AA983BAB1A5A1549 /* Pods_ContactAppUITests.framework */,
			);
			name = Frameworks;
			sourceTree = "<group>";
		};
/* End PBXGroup section */

/* Begin PBXNativeTarget section */
		5837CFEA231FE83100314C5C /* ContactApp */ = {
			isa = PBXNativeTarget;
			buildConfigurationList = 5837D013231FE83200314C5C /* Build configuration list for PBXNativeTarget "ContactApp" */;
			buildPhases = (
				EE3C3731FD6C9E1E73743892 /* [CP] Check Pods Manifest.lock */,
				5837CFE7231FE83100314C5C /* Sources */,
				5837CFE8231FE83100314C5C /* Frameworks */,
				5837CFE9231FE83100314C5C /* Resources */,
			);
			buildRules = (
			);
			dependencies = (
			);
			name = ContactApp;
			productName = ContactApp;
			productReference = 5837CFEB231FE83100314C5C /* ContactApp.app */;
			productType = "com.apple.product-type.application";
		};
		5837CFFE231FE83200314C5C /* ContactAppTests */ = {
			isa = PBXNativeTarget;
			buildConfigurationList = 5837D016231FE83200314C5C /* Build configuration list for PBXNativeTarget "ContactAppTests" */;
			buildPhases = (
				ACF626B277CBD8EECB5EDABA /* [CP] Check Pods Manifest.lock */,
				5837CFFB231FE83200314C5C /* Sources */,
				5837CFFC231FE83200314C5C /* Frameworks */,
				5837CFFD231FE83200314C5C /* Resources */,
			);
			buildRules = (
			);
			dependencies = (
				5837D001231FE83200314C5C /* PBXTargetDependency */,
			);
			name = ContactAppTests;
			productName = ContactAppTests;
			productReference = 5837CFFF231FE83200314C5C /* ContactAppTests.xctest */;
			productType = "com.apple.product-type.bundle.unit-test";
		};
		5837D009231FE83200314C5C /* ContactAppUITests */ = {
			isa = PBXNativeTarget;
			buildConfigurationList = 5837D019231FE83200314C5C /* Build configuration list for PBXNativeTarget "ContactAppUITests" */;
			buildPhases = (
				6CB15394C884F7FEFE3731FF /* [CP] Check Pods Manifest.lock */,
				5837D006231FE83200314C5C /* Sources */,
				5837D007231FE83200314C5C /* Frameworks */,
				5837D008231FE83200314C5C /* Resources */,
			);
			buildRules = (
			);
			dependencies = (
				5837D00C231FE83200314C5C /* PBXTargetDependency */,
			);
			name = ContactAppUITests;
			productName = ContactAppUITests;
			productReference = 5837D00A231FE83200314C5C /* ContactAppUITests.xctest */;
			productType = "com.apple.product-type.bundle.ui-testing";
		};
/* End PBXNativeTarget section */

/* Begin PBXProject section */
		5837CFE3231FE83100314C5C /* Project object */ = {
			isa = PBXProject;
			attributes = {
				LastSwiftUpdateCheck = 1030;
				LastUpgradeCheck = 1030;
				ORGANIZATIONNAME = "M. Zharif Hadi M. Khairuddin";
				TargetAttributes = {
					5837CFEA231FE83100314C5C = {
						CreatedOnToolsVersion = 10.3;
					};
					5837CFFE231FE83200314C5C = {
						CreatedOnToolsVersion = 10.3;
						TestTargetID = 5837CFEA231FE83100314C5C;
					};
					5837D009231FE83200314C5C = {
						CreatedOnToolsVersion = 10.3;
						TestTargetID = 5837CFEA231FE83100314C5C;
					};
				};
			};
			buildConfigurationList = 5837CFE6231FE83100314C5C /* Build configuration list for PBXProject "ContactApp" */;
			compatibilityVersion = "Xcode 9.3";
			developmentRegion = en;
			hasScannedForEncodings = 0;
			knownRegions = (
				en,
				Base,
			);
			mainGroup = 5837CFE2231FE83100314C5C;
			productRefGroup = 5837CFEC231FE83100314C5C /* Products */;
			projectDirPath = "";
			projectRoot = "";
			targets = (
				5837CFEA231FE83100314C5C /* ContactApp */,
				5837CFFE231FE83200314C5C /* ContactAppTests */,
				5837D009231FE83200314C5C /* ContactAppUITests */,
			);
		};
/* End PBXProject section */

/* Begin PBXResourcesBuildPhase section */
		5837CFE9231FE83100314C5C /* Resources */ = {
			isa = PBXResourcesBuildPhase;
			buildActionMask = 2147483647;
			files = (
				5837CFF9231FE83200314C5C /* LaunchScreen.storyboard in Resources */,
				5837CFF6231FE83200314C5C /* Assets.xcassets in Resources */,
				5837CFF4231FE83100314C5C /* Main.storyboard in Resources */,
				5827C30123214B8D00B3949B /* MainViewControllerCell.xib in Resources */,
				5827C30523214E2B00B3949B /* ProfileViewControllerCell.xib in Resources */,
				5837D022231FFF9B00314C5C /* Default-568h@2x.png in Resources */,
				5827C30923215C1B00B3949B /* ProfileIconCell.xib in Resources */,
				5837D020231FFEEA00314C5C /* data.json in Resources */,
			);
			runOnlyForDeploymentPostprocessing = 0;
		};
		5837CFFD231FE83200314C5C /* Resources */ = {
			isa = PBXResourcesBuildPhase;
			buildActionMask = 2147483647;
			files = (
			);
			runOnlyForDeploymentPostprocessing = 0;
		};
		5837D008231FE83200314C5C /* Resources */ = {
			isa = PBXResourcesBuildPhase;
			buildActionMask = 2147483647;
			files = (
			);
			runOnlyForDeploymentPostprocessing = 0;
		};
/* End PBXResourcesBuildPhase section */

/* Begin PBXShellScriptBuildPhase section */
		6CB15394C884F7FEFE3731FF /* [CP] Check Pods Manifest.lock */ = {
			isa = PBXShellScriptBuildPhase;
			buildActionMask = 2147483647;
			files = (
			);
			inputFileListPaths = (
			);
			inputPaths = (
				"${PODS_PODFILE_DIR_PATH}/Podfile.lock",
				"${PODS_ROOT}/Manifest.lock",
			);
			name = "[CP] Check Pods Manifest.lock";
			outputFileListPaths = (
			);
			outputPaths = (
				"$(DERIVED_FILE_DIR)/Pods-ContactAppUITests-checkManifestLockResult.txt",
			);
			runOnlyForDeploymentPostprocessing = 0;
			shellPath = /bin/sh;
			shellScript = "diff \"${PODS_PODFILE_DIR_PATH}/Podfile.lock\" \"${PODS_ROOT}/Manifest.lock\" > /dev/null\nif [ $? != 0 ] ; then\n    # print error to STDERR\n    echo \"error: The sandbox is not in sync with the Podfile.lock. Run 'pod install' or update your CocoaPods installation.\" >&2\n    exit 1\nfi\n# This output is used by Xcode 'outputs' to avoid re-running this script phase.\necho \"SUCCESS\" > \"${SCRIPT_OUTPUT_FILE_0}\"\n";
			showEnvVarsInLog = 0;
		};
		ACF626B277CBD8EECB5EDABA /* [CP] Check Pods Manifest.lock */ = {
			isa = PBXShellScriptBuildPhase;
			buildActionMask = 2147483647;
			files = (
			);
			inputFileListPaths = (
			);
			inputPaths = (
				"${PODS_PODFILE_DIR_PATH}/Podfile.lock",
				"${PODS_ROOT}/Manifest.lock",
			);
			name = "[CP] Check Pods Manifest.lock";
			outputFileListPaths = (
			);
			outputPaths = (
				"$(DERIVED_FILE_DIR)/Pods-ContactAppTests-checkManifestLockResult.txt",
			);
			runOnlyForDeploymentPostprocessing = 0;
			shellPath = /bin/sh;
			shellScript = "diff \"${PODS_PODFILE_DIR_PATH}/Podfile.lock\" \"${PODS_ROOT}/Manifest.lock\" > /dev/null\nif [ $? != 0 ] ; then\n    # print error to STDERR\n    echo \"error: The sandbox is not in sync with the Podfile.lock. Run 'pod install' or update your CocoaPods installation.\" >&2\n    exit 1\nfi\n# This output is used by Xcode 'outputs' to avoid re-running this script phase.\necho \"SUCCESS\" > \"${SCRIPT_OUTPUT_FILE_0}\"\n";
			showEnvVarsInLog = 0;
		};
		EE3C3731FD6C9E1E73743892 /* [CP] Check Pods Manifest.lock */ = {
			isa = PBXShellScriptBuildPhase;
			buildActionMask = 2147483647;
			files = (
			);
			inputFileListPaths = (
			);
			inputPaths = (
				"${PODS_PODFILE_DIR_PATH}/Podfile.lock",
				"${PODS_ROOT}/Manifest.lock",
			);
			name = "[CP] Check Pods Manifest.lock";
			outputFileListPaths = (
			);
			outputPaths = (
				"$(DERIVED_FILE_DIR)/Pods-ContactApp-checkManifestLockResult.txt",
			);
			runOnlyForDeploymentPostprocessing = 0;
			shellPath = /bin/sh;
			shellScript = "diff \"${PODS_PODFILE_DIR_PATH}/Podfile.lock\" \"${PODS_ROOT}/Manifest.lock\" > /dev/null\nif [ $? != 0 ] ; then\n    # print error to STDERR\n    echo \"error: The sandbox is not in sync with the Podfile.lock. Run 'pod install' or update your CocoaPods installation.\" >&2\n    exit 1\nfi\n# This output is used by Xcode 'outputs' to avoid re-running this script phase.\necho \"SUCCESS\" > \"${SCRIPT_OUTPUT_FILE_0}\"\n";
			showEnvVarsInLog = 0;
		};
/* End PBXShellScriptBuildPhase section */

/* Begin PBXSourcesBuildPhase section */
		5837CFE7231FE83100314C5C /* Sources */ = {
			isa = PBXSourcesBuildPhase;
			buildActionMask = 2147483647;
			files = (
				5849C43823294A3600CFFCDA /* ContactListViewModel.swift in Sources */,
				5827C30823215C1B00B3949B /* ProfileIconCell.swift in Sources */,
				5827C30023214B8D00B3949B /* MainViewControllerCell.swift in Sources */,
				5849C42C23256AE700CFFCDA /* Constant.swift in Sources */,
				58737AA023200E7A0076AFC8 /* ProfileViewController.swift in Sources */,
				5849C43223256E2200CFFCDA /* ContactListVM.swift in Sources */,
				5849C43623291DB400CFFCDA /* ProfileViewModel.swift in Sources */,
				5827C30423214E2B00B3949B /* ProfileViewControllerCell.swift in Sources */,
				5837CFEF231FE83100314C5C /* AppDelegate.swift in Sources */,
				5827C30B2321634800B3949B /* Contact.swift in Sources */,
				5849C43023256C4200CFFCDA /* ProfileFormVM.swift in Sources */,
				5849C42A23255A6B00CFFCDA /* ContactListViewController.swift in Sources */,
			);
			runOnlyForDeploymentPostprocessing = 0;
		};
		5837CFFB231FE83200314C5C /* Sources */ = {
			isa = PBXSourcesBuildPhase;
			buildActionMask = 2147483647;
			files = (
				5837D004231FE83200314C5C /* ContactAppTests.swift in Sources */,
			);
			runOnlyForDeploymentPostprocessing = 0;
		};
		5837D006231FE83200314C5C /* Sources */ = {
			isa = PBXSourcesBuildPhase;
			buildActionMask = 2147483647;
			files = (
				5837D00F231FE83200314C5C /* ContactAppUITests.swift in Sources */,
			);
			runOnlyForDeploymentPostprocessing = 0;
		};
/* End PBXSourcesBuildPhase section */

/* Begin PBXTargetDependency section */
		5837D001231FE83200314C5C /* PBXTargetDependency */ = {
			isa = PBXTargetDependency;
			target = 5837CFEA231FE83100314C5C /* ContactApp */;
			targetProxy = 5837D000231FE83200314C5C /* PBXContainerItemProxy */;
		};
		5837D00C231FE83200314C5C /* PBXTargetDependency */ = {
			isa = PBXTargetDependency;
			target = 5837CFEA231FE83100314C5C /* ContactApp */;
			targetProxy = 5837D00B231FE83200314C5C /* PBXContainerItemProxy */;
		};
/* End PBXTargetDependency section */

/* Begin PBXVariantGroup section */
		5837CFF2231FE83100314C5C /* Main.storyboard */ = {
			isa = PBXVariantGroup;
			children = (
				5837CFF3231FE83100314C5C /* Base */,
			);
			name = Main.storyboard;
			sourceTree = "<group>";
		};
		5837CFF7231FE83200314C5C /* LaunchScreen.storyboard */ = {
			isa = PBXVariantGroup;
			children = (
				5837CFF8231FE83200314C5C /* Base */,
			);
			name = LaunchScreen.storyboard;
			sourceTree = "<group>";
		};
/* End PBXVariantGroup section */

/* Begin XCBuildConfiguration section */
		5837D011231FE83200314C5C /* Debug */ = {
			isa = XCBuildConfiguration;
			buildSettings = {
				ALWAYS_SEARCH_USER_PATHS = NO;
				CLANG_ANALYZER_NONNULL = YES;
				CLANG_ANALYZER_NUMBER_OBJECT_CONVERSION = YES_AGGRESSIVE;
				CLANG_CXX_LANGUAGE_STANDARD = "gnu++14";
				CLANG_CXX_LIBRARY = "libc++";
				CLANG_ENABLE_MODULES = YES;
				CLANG_ENABLE_OBJC_ARC = YES;
				CLANG_ENABLE_OBJC_WEAK = YES;
				CLANG_WARN_BLOCK_CAPTURE_AUTORELEASING = YES;
				CLANG_WARN_BOOL_CONVERSION = YES;
				CLANG_WARN_COMMA = YES;
				CLANG_WARN_CONSTANT_CONVERSION = YES;
				CLANG_WARN_DEPRECATED_OBJC_IMPLEMENTATIONS = YES;
				CLANG_WARN_DIRECT_OBJC_ISA_USAGE = YES_ERROR;
				CLANG_WARN_DOCUMENTATION_COMMENTS = YES;
				CLANG_WARN_EMPTY_BODY = YES;
				CLANG_WARN_ENUM_CONVERSION = YES;
				CLANG_WARN_INFINITE_RECURSION = YES;
				CLANG_WARN_INT_CONVERSION = YES;
				CLANG_WARN_NON_LITERAL_NULL_CONVERSION = YES;
				CLANG_WARN_OBJC_IMPLICIT_RETAIN_SELF = YES;
				CLANG_WARN_OBJC_LITERAL_CONVERSION = YES;
				CLANG_WARN_OBJC_ROOT_CLASS = YES_ERROR;
				CLANG_WARN_RANGE_LOOP_ANALYSIS = YES;
				CLANG_WARN_STRICT_PROTOTYPES = YES;
				CLANG_WARN_SUSPICIOUS_MOVE = YES;
				CLANG_WARN_UNGUARDED_AVAILABILITY = YES_AGGRESSIVE;
				CLANG_WARN_UNREACHABLE_CODE = YES;
				CLANG_WARN__DUPLICATE_METHOD_MATCH = YES;
				CODE_SIGN_IDENTITY = "iPhone Developer";
				COPY_PHASE_STRIP = NO;
				DEBUG_INFORMATION_FORMAT = dwarf;
				ENABLE_STRICT_OBJC_MSGSEND = YES;
				ENABLE_TESTABILITY = YES;
				GCC_C_LANGUAGE_STANDARD = gnu11;
				GCC_DYNAMIC_NO_PIC = NO;
				GCC_NO_COMMON_BLOCKS = YES;
				GCC_OPTIMIZATION_LEVEL = 0;
				GCC_PREPROCESSOR_DEFINITIONS = (
					"DEBUG=1",
					"$(inherited)",
				);
				GCC_WARN_64_TO_32_BIT_CONVERSION = YES;
				GCC_WARN_ABOUT_RETURN_TYPE = YES_ERROR;
				GCC_WARN_UNDECLARED_SELECTOR = YES;
				GCC_WARN_UNINITIALIZED_AUTOS = YES_AGGRESSIVE;
				GCC_WARN_UNUSED_FUNCTION = YES;
				GCC_WARN_UNUSED_VARIABLE = YES;
				IPHONEOS_DEPLOYMENT_TARGET = 12.4;
				MTL_ENABLE_DEBUG_INFO = INCLUDE_SOURCE;
				MTL_FAST_MATH = YES;
				ONLY_ACTIVE_ARCH = YES;
				SDKROOT = iphoneos;
				SWIFT_ACTIVE_COMPILATION_CONDITIONS = DEBUG;
				SWIFT_OPTIMIZATION_LEVEL = "-Onone";
			};
			name = Debug;
		};
		5837D012231FE83200314C5C /* Release */ = {
			isa = XCBuildConfiguration;
			buildSettings = {
				ALWAYS_SEARCH_USER_PATHS = NO;
				CLANG_ANALYZER_NONNULL = YES;
				CLANG_ANALYZER_NUMBER_OBJECT_CONVERSION = YES_AGGRESSIVE;
				CLANG_CXX_LANGUAGE_STANDARD = "gnu++14";
				CLANG_CXX_LIBRARY = "libc++";
				CLANG_ENABLE_MODULES = YES;
				CLANG_ENABLE_OBJC_ARC = YES;
				CLANG_ENABLE_OBJC_WEAK = YES;
				CLANG_WARN_BLOCK_CAPTURE_AUTORELEASING = YES;
				CLANG_WARN_BOOL_CONVERSION = YES;
				CLANG_WARN_COMMA = YES;
				CLANG_WARN_CONSTANT_CONVERSION = YES;
				CLANG_WARN_DEPRECATED_OBJC_IMPLEMENTATIONS = YES;
				CLANG_WARN_DIRECT_OBJC_ISA_USAGE = YES_ERROR;
				CLANG_WARN_DOCUMENTATION_COMMENTS = YES;
				CLANG_WARN_EMPTY_BODY = YES;
				CLANG_WARN_ENUM_CONVERSION = YES;
				CLANG_WARN_INFINITE_RECURSION = YES;
				CLANG_WARN_INT_CONVERSION = YES;
				CLANG_WARN_NON_LITERAL_NULL_CONVERSION = YES;
				CLANG_WARN_OBJC_IMPLICIT_RETAIN_SELF = YES;
				CLANG_WARN_OBJC_LITERAL_CONVERSION = YES;
				CLANG_WARN_OBJC_ROOT_CLASS = YES_ERROR;
				CLANG_WARN_RANGE_LOOP_ANALYSIS = YES;
				CLANG_WARN_STRICT_PROTOTYPES = YES;
				CLANG_WARN_SUSPICIOUS_MOVE = YES;
				CLANG_WARN_UNGUARDED_AVAILABILITY = YES_AGGRESSIVE;
				CLANG_WARN_UNREACHABLE_CODE = YES;
				CLANG_WARN__DUPLICATE_METHOD_MATCH = YES;
				CODE_SIGN_IDENTITY = "iPhone Developer";
				COPY_PHASE_STRIP = NO;
				DEBUG_INFORMATION_FORMAT = "dwarf-with-dsym";
				ENABLE_NS_ASSERTIONS = NO;
				ENABLE_STRICT_OBJC_MSGSEND = YES;
				GCC_C_LANGUAGE_STANDARD = gnu11;
				GCC_NO_COMMON_BLOCKS = YES;
				GCC_WARN_64_TO_32_BIT_CONVERSION = YES;
				GCC_WARN_ABOUT_RETURN_TYPE = YES_ERROR;
				GCC_WARN_UNDECLARED_SELECTOR = YES;
				GCC_WARN_UNINITIALIZED_AUTOS = YES_AGGRESSIVE;
				GCC_WARN_UNUSED_FUNCTION = YES;
				GCC_WARN_UNUSED_VARIABLE = YES;
				IPHONEOS_DEPLOYMENT_TARGET = 12.4;
				MTL_ENABLE_DEBUG_INFO = NO;
				MTL_FAST_MATH = YES;
				SDKROOT = iphoneos;
				SWIFT_COMPILATION_MODE = wholemodule;
				SWIFT_OPTIMIZATION_LEVEL = "-O";
				VALIDATE_PRODUCT = YES;
			};
			name = Release;
		};
		5837D014231FE83200314C5C /* Debug */ = {
			isa = XCBuildConfiguration;
			baseConfigurationReference = 5D6D07884D3D608498147901 /* Pods-ContactApp.debug.xcconfig */;
			buildSettings = {
				ASSETCATALOG_COMPILER_APPICON_NAME = AppIcon;
				CODE_SIGN_STYLE = Automatic;
				DEVELOPMENT_TEAM = 4PQMQZ77H5;
				INFOPLIST_FILE = "$(SRCROOT)/ContactApp/Supporting files/Info.plist";
				IPHONEOS_DEPLOYMENT_TARGET = 10.0;
				LD_RUNPATH_SEARCH_PATHS = (
					"$(inherited)",
					"@executable_path/Frameworks",
				);
				PRODUCT_BUNDLE_IDENTIFIER = Locust.ContactApp;
				PRODUCT_NAME = "$(TARGET_NAME)";
				SWIFT_VERSION = 4.2;
				TARGETED_DEVICE_FAMILY = "1,2";
			};
			name = Debug;
		};
		5837D015231FE83200314C5C /* Release */ = {
			isa = XCBuildConfiguration;
			baseConfigurationReference = 933A27EC8D0DFAD8FDCC90E9 /* Pods-ContactApp.release.xcconfig */;
			buildSettings = {
				ASSETCATALOG_COMPILER_APPICON_NAME = AppIcon;
				CODE_SIGN_STYLE = Automatic;
				DEVELOPMENT_TEAM = 4PQMQZ77H5;
				INFOPLIST_FILE = "$(SRCROOT)/ContactApp/Supporting files/Info.plist";
				IPHONEOS_DEPLOYMENT_TARGET = 10.0;
				LD_RUNPATH_SEARCH_PATHS = (
					"$(inherited)",
					"@executable_path/Frameworks",
				);
				PRODUCT_BUNDLE_IDENTIFIER = Locust.ContactApp;
				PRODUCT_NAME = "$(TARGET_NAME)";
				SWIFT_VERSION = 4.2;
				TARGETED_DEVICE_FAMILY = "1,2";
			};
			name = Release;
		};
		5837D017231FE83200314C5C /* Debug */ = {
			isa = XCBuildConfiguration;
			baseConfigurationReference = C6EC252BC89C6BCA0FFED24D /* Pods-ContactAppTests.debug.xcconfig */;
			buildSettings = {
				ALWAYS_EMBED_SWIFT_STANDARD_LIBRARIES = YES;
				BUNDLE_LOADER = "$(TEST_HOST)";
				CODE_SIGN_STYLE = Automatic;
				DEVELOPMENT_TEAM = 4PQMQZ77H5;
				INFOPLIST_FILE = ContactAppTests/Info.plist;
				LD_RUNPATH_SEARCH_PATHS = (
					"$(inherited)",
					"@executable_path/Frameworks",
					"@loader_path/Frameworks",
				);
				PRODUCT_BUNDLE_IDENTIFIER = Locust.ContactAppTests;
				PRODUCT_NAME = "$(TARGET_NAME)";
				SWIFT_VERSION = 5.0;
				TARGETED_DEVICE_FAMILY = "1,2";
				TEST_HOST = "$(BUILT_PRODUCTS_DIR)/ContactApp.app/ContactApp";
			};
			name = Debug;
		};
		5837D018231FE83200314C5C /* Release */ = {
			isa = XCBuildConfiguration;
			baseConfigurationReference = A407523B1F0CFD98952EFC14 /* Pods-ContactAppTests.release.xcconfig */;
			buildSettings = {
				ALWAYS_EMBED_SWIFT_STANDARD_LIBRARIES = YES;
				BUNDLE_LOADER = "$(TEST_HOST)";
				CODE_SIGN_STYLE = Automatic;
				DEVELOPMENT_TEAM = 4PQMQZ77H5;
				INFOPLIST_FILE = ContactAppTests/Info.plist;
				LD_RUNPATH_SEARCH_PATHS = (
					"$(inherited)",
					"@executable_path/Frameworks",
					"@loader_path/Frameworks",
				);
				PRODUCT_BUNDLE_IDENTIFIER = Locust.ContactAppTests;
				PRODUCT_NAME = "$(TARGET_NAME)";
				SWIFT_VERSION = 5.0;
				TARGETED_DEVICE_FAMILY = "1,2";
				TEST_HOST = "$(BUILT_PRODUCTS_DIR)/ContactApp.app/ContactApp";
			};
			name = Release;
		};
		5837D01A231FE83200314C5C /* Debug */ = {
			isa = XCBuildConfiguration;
			baseConfigurationReference = E35B86DCCCA4F0A083A2CB03 /* Pods-ContactAppUITests.debug.xcconfig */;
			buildSettings = {
				ALWAYS_EMBED_SWIFT_STANDARD_LIBRARIES = YES;
				CODE_SIGN_STYLE = Automatic;
				DEVELOPMENT_TEAM = 4PQMQZ77H5;
				INFOPLIST_FILE = ContactAppUITests/Info.plist;
				LD_RUNPATH_SEARCH_PATHS = (
					"$(inherited)",
					"@executable_path/Frameworks",
					"@loader_path/Frameworks",
				);
				PRODUCT_BUNDLE_IDENTIFIER = Locust.ContactAppUITests;
				PRODUCT_NAME = "$(TARGET_NAME)";
				SWIFT_VERSION = 5.0;
				TARGETED_DEVICE_FAMILY = "1,2";
				TEST_TARGET_NAME = ContactApp;
			};
			name = Debug;
		};
		5837D01B231FE83200314C5C /* Release */ = {
			isa = XCBuildConfiguration;
			baseConfigurationReference = 47DD57C10D8B3982ED3F46DC /* Pods-ContactAppUITests.release.xcconfig */;
			buildSettings = {
				ALWAYS_EMBED_SWIFT_STANDARD_LIBRARIES = YES;
				CODE_SIGN_STYLE = Automatic;
				DEVELOPMENT_TEAM = 4PQMQZ77H5;
				INFOPLIST_FILE = ContactAppUITests/Info.plist;
				LD_RUNPATH_SEARCH_PATHS = (
					"$(inherited)",
					"@executable_path/Frameworks",
					"@loader_path/Frameworks",
				);
				PRODUCT_BUNDLE_IDENTIFIER = Locust.ContactAppUITests;
				PRODUCT_NAME = "$(TARGET_NAME)";
				SWIFT_VERSION = 5.0;
				TARGETED_DEVICE_FAMILY = "1,2";
				TEST_TARGET_NAME = ContactApp;
			};
			name = Release;
		};
/* End XCBuildConfiguration section */

/* Begin XCConfigurationList section */
		5837CFE6231FE83100314C5C /* Build configuration list for PBXProject "ContactApp" */ = {
			isa = XCConfigurationList;
			buildConfigurations = (
				5837D011231FE83200314C5C /* Debug */,
				5837D012231FE83200314C5C /* Release */,
			);
			defaultConfigurationIsVisible = 0;
			defaultConfigurationName = Release;
		};
		5837D013231FE83200314C5C /* Build configuration list for PBXNativeTarget "ContactApp" */ = {
			isa = XCConfigurationList;
			buildConfigurations = (
				5837D014231FE83200314C5C /* Debug */,
				5837D015231FE83200314C5C /* Release */,
			);
			defaultConfigurationIsVisible = 0;
			defaultConfigurationName = Release;
		};
		5837D016231FE83200314C5C /* Build configuration list for PBXNativeTarget "ContactAppTests" */ = {
			isa = XCConfigurationList;
			buildConfigurations = (
				5837D017231FE83200314C5C /* Debug */,
				5837D018231FE83200314C5C /* Release */,
			);
			defaultConfigurationIsVisible = 0;
			defaultConfigurationName = Release;
		};
		5837D019231FE83200314C5C /* Build configuration list for PBXNativeTarget "ContactAppUITests" */ = {
			isa = XCConfigurationList;
			buildConfigurations = (
				5837D01A231FE83200314C5C /* Debug */,
				5837D01B231FE83200314C5C /* Release */,
			);
			defaultConfigurationIsVisible = 0;
			defaultConfigurationName = Release;
		};
/* End XCConfigurationList section */
	};
	rootObject = 5837CFE3231FE83100314C5C /* Project object */;
}
